// !$*UTF8*$!
{
	archiveVersion = 1;
	classes = {
	};
	objectVersion = 50;
	objects = {

/* Begin PBXBuildFile section */
		8F0D9D82220CC94D00ECE970 /* AppDelegate.swift in Sources */ = {isa = PBXBuildFile; fileRef = 8F0D9D81220CC94D00ECE970 /* AppDelegate.swift */; };
		8F0D9D84220CC94D00ECE970 /* ViewController.swift in Sources */ = {isa = PBXBuildFile; fileRef = 8F0D9D83220CC94D00ECE970 /* ViewController.swift */; };
		8F0D9D87220CC94D00ECE970 /* Main.storyboard in Resources */ = {isa = PBXBuildFile; fileRef = 8F0D9D85220CC94D00ECE970 /* Main.storyboard */; };
		8F0D9D89220CC94E00ECE970 /* Assets.xcassets in Resources */ = {isa = PBXBuildFile; fileRef = 8F0D9D88220CC94E00ECE970 /* Assets.xcassets */; };
		8F0D9D8C220CC94E00ECE970 /* LaunchScreen.storyboard in Resources */ = {isa = PBXBuildFile; fileRef = 8F0D9D8A220CC94E00ECE970 /* LaunchScreen.storyboard */; };
		8F0D9D97220CC94E00ECE970 /* ITunesMediaListTests.swift in Sources */ = {isa = PBXBuildFile; fileRef = 8F0D9D96220CC94E00ECE970 /* ITunesMediaListTests.swift */; };
		8F0D9DA2220CC94E00ECE970 /* ITunesMediaListUITests.swift in Sources */ = {isa = PBXBuildFile; fileRef = 8F0D9DA1220CC94E00ECE970 /* ITunesMediaListUITests.swift */; };
		8F0D9DB2220CC99900ECE970 /* UIColor+Theme.swift in Sources */ = {isa = PBXBuildFile; fileRef = 8F0D9DB1220CC99900ECE970 /* UIColor+Theme.swift */; };
		8F0D9DB6220CCA1700ECE970 /* MediaService.swift in Sources */ = {isa = PBXBuildFile; fileRef = 8F0D9DB5220CCA1700ECE970 /* MediaService.swift */; };
/* End PBXBuildFile section */

/* Begin PBXContainerItemProxy section */
		8F0D9D93220CC94E00ECE970 /* PBXContainerItemProxy */ = {
			isa = PBXContainerItemProxy;
			containerPortal = 8F0D9D76220CC94D00ECE970 /* Project object */;
			proxyType = 1;
			remoteGlobalIDString = 8F0D9D7D220CC94D00ECE970;
			remoteInfo = ITunesMediaList;
		};
		8F0D9D9E220CC94E00ECE970 /* PBXContainerItemProxy */ = {
			isa = PBXContainerItemProxy;
			containerPortal = 8F0D9D76220CC94D00ECE970 /* Project object */;
			proxyType = 1;
			remoteGlobalIDString = 8F0D9D7D220CC94D00ECE970;
			remoteInfo = ITunesMediaList;
		};
/* End PBXContainerItemProxy section */

/* Begin PBXFileReference section */
		8F0D9D7E220CC94D00ECE970 /* ITunesMediaList.app */ = {isa = PBXFileReference; explicitFileType = wrapper.application; includeInIndex = 0; path = ITunesMediaList.app; sourceTree = BUILT_PRODUCTS_DIR; };
		8F0D9D81220CC94D00ECE970 /* AppDelegate.swift */ = {isa = PBXFileReference; lastKnownFileType = sourcecode.swift; path = AppDelegate.swift; sourceTree = "<group>"; };
		8F0D9D83220CC94D00ECE970 /* ViewController.swift */ = {isa = PBXFileReference; lastKnownFileType = sourcecode.swift; path = ViewController.swift; sourceTree = "<group>"; };
		8F0D9D86220CC94D00ECE970 /* Base */ = {isa = PBXFileReference; lastKnownFileType = file.storyboard; name = Base; path = Base.lproj/Main.storyboard; sourceTree = "<group>"; };
		8F0D9D88220CC94E00ECE970 /* Assets.xcassets */ = {isa = PBXFileReference; lastKnownFileType = folder.assetcatalog; path = Assets.xcassets; sourceTree = "<group>"; };
		8F0D9D8B220CC94E00ECE970 /* Base */ = {isa = PBXFileReference; lastKnownFileType = file.storyboard; name = Base; path = Base.lproj/LaunchScreen.storyboard; sourceTree = "<group>"; };
		8F0D9D8D220CC94E00ECE970 /* Info.plist */ = {isa = PBXFileReference; lastKnownFileType = text.plist.xml; path = Info.plist; sourceTree = "<group>"; };
		8F0D9D92220CC94E00ECE970 /* ITunesMediaListTests.xctest */ = {isa = PBXFileReference; explicitFileType = wrapper.cfbundle; includeInIndex = 0; path = ITunesMediaListTests.xctest; sourceTree = BUILT_PRODUCTS_DIR; };
		8F0D9D96220CC94E00ECE970 /* ITunesMediaListTests.swift */ = {isa = PBXFileReference; lastKnownFileType = sourcecode.swift; path = ITunesMediaListTests.swift; sourceTree = "<group>"; };
		8F0D9D98220CC94E00ECE970 /* Info.plist */ = {isa = PBXFileReference; lastKnownFileType = text.plist.xml; path = Info.plist; sourceTree = "<group>"; };
		8F0D9D9D220CC94E00ECE970 /* ITunesMediaListUITests.xctest */ = {isa = PBXFileReference; explicitFileType = wrapper.cfbundle; includeInIndex = 0; path = ITunesMediaListUITests.xctest; sourceTree = BUILT_PRODUCTS_DIR; };
		8F0D9DA1220CC94E00ECE970 /* ITunesMediaListUITests.swift */ = {isa = PBXFileReference; lastKnownFileType = sourcecode.swift; path = ITunesMediaListUITests.swift; sourceTree = "<group>"; };
		8F0D9DA3220CC94E00ECE970 /* Info.plist */ = {isa = PBXFileReference; lastKnownFileType = text.plist.xml; path = Info.plist; sourceTree = "<group>"; };
		8F0D9DB1220CC99900ECE970 /* UIColor+Theme.swift */ = {isa = PBXFileReference; lastKnownFileType = sourcecode.swift; path = "UIColor+Theme.swift"; sourceTree = "<group>"; };
		8F0D9DB5220CCA1700ECE970 /* MediaService.swift */ = {isa = PBXFileReference; lastKnownFileType = sourcecode.swift; path = MediaService.swift; sourceTree = "<group>"; };
/* End PBXFileReference section */

/* Begin PBXFrameworksBuildPhase section */
		8F0D9D7B220CC94D00ECE970 /* Frameworks */ = {
			isa = PBXFrameworksBuildPhase;
			buildActionMask = 2147483647;
			files = (
			);
			runOnlyForDeploymentPostprocessing = 0;
		};
		8F0D9D8F220CC94E00ECE970 /* Frameworks */ = {
			isa = PBXFrameworksBuildPhase;
			buildActionMask = 2147483647;
			files = (
			);
			runOnlyForDeploymentPostprocessing = 0;
		};
		8F0D9D9A220CC94E00ECE970 /* Frameworks */ = {
			isa = PBXFrameworksBuildPhase;
			buildActionMask = 2147483647;
			files = (
			);
			runOnlyForDeploymentPostprocessing = 0;
		};
/* End PBXFrameworksBuildPhase section */

/* Begin PBXGroup section */
		8F0D9D75220CC94D00ECE970 = {
			isa = PBXGroup;
			children = (
				8F0D9D80220CC94D00ECE970 /* ITunesMediaList */,
				8F0D9D95220CC94E00ECE970 /* ITunesMediaListTests */,
				8F0D9DA0220CC94E00ECE970 /* ITunesMediaListUITests */,
				8F0D9D7F220CC94D00ECE970 /* Products */,
			);
			sourceTree = "<group>";
		};
		8F0D9D7F220CC94D00ECE970 /* Products */ = {
			isa = PBXGroup;
			children = (
				8F0D9D7E220CC94D00ECE970 /* ITunesMediaList.app */,
				8F0D9D92220CC94E00ECE970 /* ITunesMediaListTests.xctest */,
				8F0D9D9D220CC94E00ECE970 /* ITunesMediaListUITests.xctest */,
			);
			name = Products;
			sourceTree = "<group>";
		};
		8F0D9D80220CC94D00ECE970 /* ITunesMediaList */ = {
			isa = PBXGroup;
			children = (
				8F0D9DB4220CC9C000ECE970 /* Services */,
				8F0D9DB3220CC9B900ECE970 /* Models */,
				8F0D9DB0220CC97F00ECE970 /* Extensions */,
				8F0D9DAF220CC96D00ECE970 /* View */,
				8F0D9D81220CC94D00ECE970 /* AppDelegate.swift */,
				8F0D9D83220CC94D00ECE970 /* ViewController.swift */,
				8F0D9D88220CC94E00ECE970 /* Assets.xcassets */,
				8F0D9D8D220CC94E00ECE970 /* Info.plist */,
			);
			path = ITunesMediaList;
			sourceTree = "<group>";
		};
		8F0D9D95220CC94E00ECE970 /* ITunesMediaListTests */ = {
			isa = PBXGroup;
			children = (
				8F0D9D96220CC94E00ECE970 /* ITunesMediaListTests.swift */,
				8F0D9D98220CC94E00ECE970 /* Info.plist */,
			);
			path = ITunesMediaListTests;
			sourceTree = "<group>";
		};
		8F0D9DA0220CC94E00ECE970 /* ITunesMediaListUITests */ = {
			isa = PBXGroup;
			children = (
				8F0D9DA1220CC94E00ECE970 /* ITunesMediaListUITests.swift */,
				8F0D9DA3220CC94E00ECE970 /* Info.plist */,
			);
			path = ITunesMediaListUITests;
			sourceTree = "<group>";
		};
		8F0D9DAF220CC96D00ECE970 /* View */ = {
			isa = PBXGroup;
			children = (
				8F0D9D85220CC94D00ECE970 /* Main.storyboard */,
				8F0D9D8A220CC94E00ECE970 /* LaunchScreen.storyboard */,
			);
			path = View;
			sourceTree = "<group>";
		};
		8F0D9DB0220CC97F00ECE970 /* Extensions */ = {
			isa = PBXGroup;
			children = (
				8F0D9DB1220CC99900ECE970 /* UIColor+Theme.swift */,
			);
			path = Extensions;
			sourceTree = "<group>";
		};
		8F0D9DB3220CC9B900ECE970 /* Models */ = {
			isa = PBXGroup;
			children = (
			);
			path = Models;
			sourceTree = "<group>";
		};
		8F0D9DB4220CC9C000ECE970 /* Services */ = {
			isa = PBXGroup;
			children = (
				8F0D9DB5220CCA1700ECE970 /* MediaService.swift */,
			);
			path = Services;
			sourceTree = "<group>";
		};
/* End PBXGroup section */

/* Begin PBXNativeTarget section */
		8F0D9D7D220CC94D00ECE970 /* ITunesMediaList */ = {
			isa = PBXNativeTarget;
			buildConfigurationList = 8F0D9DA6220CC94E00ECE970 /* Build configuration list for PBXNativeTarget "ITunesMediaList" */;
			buildPhases = (
				8F0D9D7A220CC94D00ECE970 /* Sources */,
				8F0D9D7B220CC94D00ECE970 /* Frameworks */,
				8F0D9D7C220CC94D00ECE970 /* Resources */,
			);
			buildRules = (
			);
			dependencies = (
			);
			name = ITunesMediaList;
			productName = ITunesMediaList;
			productReference = 8F0D9D7E220CC94D00ECE970 /* ITunesMediaList.app */;
			productType = "com.apple.product-type.application";
		};
		8F0D9D91220CC94E00ECE970 /* ITunesMediaListTests */ = {
			isa = PBXNativeTarget;
			buildConfigurationList = 8F0D9DA9220CC94E00ECE970 /* Build configuration list for PBXNativeTarget "ITunesMediaListTests" */;
			buildPhases = (
				8F0D9D8E220CC94E00ECE970 /* Sources */,
				8F0D9D8F220CC94E00ECE970 /* Frameworks */,
				8F0D9D90220CC94E00ECE970 /* Resources */,
			);
			buildRules = (
			);
			dependencies = (
				8F0D9D94220CC94E00ECE970 /* PBXTargetDependency */,
			);
			name = ITunesMediaListTests;
			productName = ITunesMediaListTests;
			productReference = 8F0D9D92220CC94E00ECE970 /* ITunesMediaListTests.xctest */;
			productType = "com.apple.product-type.bundle.unit-test";
		};
		8F0D9D9C220CC94E00ECE970 /* ITunesMediaListUITests */ = {
			isa = PBXNativeTarget;
			buildConfigurationList = 8F0D9DAC220CC94E00ECE970 /* Build configuration list for PBXNativeTarget "ITunesMediaListUITests" */;
			buildPhases = (
				8F0D9D99220CC94E00ECE970 /* Sources */,
				8F0D9D9A220CC94E00ECE970 /* Frameworks */,
				8F0D9D9B220CC94E00ECE970 /* Resources */,
			);
			buildRules = (
			);
			dependencies = (
				8F0D9D9F220CC94E00ECE970 /* PBXTargetDependency */,
			);
			name = ITunesMediaListUITests;
			productName = ITunesMediaListUITests;
			productReference = 8F0D9D9D220CC94E00ECE970 /* ITunesMediaListUITests.xctest */;
			productType = "com.apple.product-type.bundle.ui-testing";
		};
/* End PBXNativeTarget section */

/* Begin PBXProject section */
		8F0D9D76220CC94D00ECE970 /* Project object */ = {
			isa = PBXProject;
			attributes = {
				LastSwiftUpdateCheck = 1010;
				LastUpgradeCheck = 1010;
				ORGANIZATIONNAME = kogo;
				TargetAttributes = {
					8F0D9D7D220CC94D00ECE970 = {
						CreatedOnToolsVersion = 10.1;
					};
					8F0D9D91220CC94E00ECE970 = {
						CreatedOnToolsVersion = 10.1;
						TestTargetID = 8F0D9D7D220CC94D00ECE970;
					};
					8F0D9D9C220CC94E00ECE970 = {
						CreatedOnToolsVersion = 10.1;
						TestTargetID = 8F0D9D7D220CC94D00ECE970;
					};
				};
			};
			buildConfigurationList = 8F0D9D79220CC94D00ECE970 /* Build configuration list for PBXProject "ITunesMediaList" */;
			compatibilityVersion = "Xcode 9.3";
			developmentRegion = en;
			hasScannedForEncodings = 0;
			knownRegions = (
				en,
				Base,
			);
			mainGroup = 8F0D9D75220CC94D00ECE970;
			productRefGroup = 8F0D9D7F220CC94D00ECE970 /* Products */;
			projectDirPath = "";
			projectRoot = "";
			targets = (
				8F0D9D7D220CC94D00ECE970 /* ITunesMediaList */,
				8F0D9D91220CC94E00ECE970 /* ITunesMediaListTests */,
				8F0D9D9C220CC94E00ECE970 /* ITunesMediaListUITests */,
			);
		};
/* End PBXProject section */

/* Begin PBXResourcesBuildPhase section */
		8F0D9D7C220CC94D00ECE970 /* Resources */ = {
			isa = PBXResourcesBuildPhase;
			buildActionMask = 2147483647;
			files = (
				8F0D9D8C220CC94E00ECE970 /* LaunchScreen.storyboard in Resources */,
				8F0D9D89220CC94E00ECE970 /* Assets.xcassets in Resources */,
				8F0D9D87220CC94D00ECE970 /* Main.storyboard in Resources */,
			);
			runOnlyForDeploymentPostprocessing = 0;
		};
		8F0D9D90220CC94E00ECE970 /* Resources */ = {
			isa = PBXResourcesBuildPhase;
			buildActionMask = 2147483647;
			files = (
			);
			runOnlyForDeploymentPostprocessing = 0;
		};
		8F0D9D9B220CC94E00ECE970 /* Resources */ = {
			isa = PBXResourcesBuildPhase;
			buildActionMask = 2147483647;
			files = (
			);
			runOnlyForDeploymentPostprocessing = 0;
		};
/* End PBXResourcesBuildPhase section */

/* Begin PBXSourcesBuildPhase section */
		8F0D9D7A220CC94D00ECE970 /* Sources */ = {
			isa = PBXSourcesBuildPhase;
			buildActionMask = 2147483647;
			files = (
				8F0D9DB2220CC99900ECE970 /* UIColor+Theme.swift in Sources */,
				8F0D9D84220CC94D00ECE970 /* ViewController.swift in Sources */,
				8F0D9DB6220CCA1700ECE970 /* MediaService.swift in Sources */,
				8F0D9D82220CC94D00ECE970 /* AppDelegate.swift in Sources */,
			);
			runOnlyForDeploymentPostprocessing = 0;
		};
		8F0D9D8E220CC94E00ECE970 /* Sources */ = {
			isa = PBXSourcesBuildPhase;
			buildActionMask = 2147483647;
			files = (
				8F0D9D97220CC94E00ECE970 /* ITunesMediaListTests.swift in Sources */,
			);
			runOnlyForDeploymentPostprocessing = 0;
		};
		8F0D9D99220CC94E00ECE970 /* Sources */ = {
			isa = PBXSourcesBuildPhase;
			buildActionMask = 2147483647;
			files = (
				8F0D9DA2220CC94E00ECE970 /* ITunesMediaListUITests.swift in Sources */,
			);
			runOnlyForDeploymentPostprocessing = 0;
		};
/* End PBXSourcesBuildPhase section */

/* Begin PBXTargetDependency section */
		8F0D9D94220CC94E00ECE970 /* PBXTargetDependency */ = {
			isa = PBXTargetDependency;
			target = 8F0D9D7D220CC94D00ECE970 /* ITunesMediaList */;
			targetProxy = 8F0D9D93220CC94E00ECE970 /* PBXContainerItemProxy */;
		};
		8F0D9D9F220CC94E00ECE970 /* PBXTargetDependency */ = {
			isa = PBXTargetDependency;
			target = 8F0D9D7D220CC94D00ECE970 /* ITunesMediaList */;
			targetProxy = 8F0D9D9E220CC94E00ECE970 /* PBXContainerItemProxy */;
		};
/* End PBXTargetDependency section */

/* Begin PBXVariantGroup section */
		8F0D9D85220CC94D00ECE970 /* Main.storyboard */ = {
			isa = PBXVariantGroup;
			children = (
				8F0D9D86220CC94D00ECE970 /* Base */,
			);
			name = Main.storyboard;
			sourceTree = "<group>";
		};
		8F0D9D8A220CC94E00ECE970 /* LaunchScreen.storyboard */ = {
			isa = PBXVariantGroup;
			children = (
				8F0D9D8B220CC94E00ECE970 /* Base */,
			);
			name = LaunchScreen.storyboard;
			sourceTree = "<group>";
		};
/* End PBXVariantGroup section */

/* Begin XCBuildConfiguration section */
		8F0D9DA4220CC94E00ECE970 /* Debug */ = {
			isa = XCBuildConfiguration;
			buildSettings = {
				ALWAYS_SEARCH_USER_PATHS = NO;
				CLANG_ANALYZER_NONNULL = YES;
				CLANG_ANALYZER_NUMBER_OBJECT_CONVERSION = YES_AGGRESSIVE;
				CLANG_CXX_LANGUAGE_STANDARD = "gnu++14";
				CLANG_CXX_LIBRARY = "libc++";
				CLANG_ENABLE_MODULES = YES;
				CLANG_ENABLE_OBJC_ARC = YES;
				CLANG_ENABLE_OBJC_WEAK = YES;
				CLANG_WARN_BLOCK_CAPTURE_AUTORELEASING = YES;
				CLANG_WARN_BOOL_CONVERSION = YES;
				CLANG_WARN_COMMA = YES;
				CLANG_WARN_CONSTANT_CONVERSION = YES;
				CLANG_WARN_DEPRECATED_OBJC_IMPLEMENTATIONS = YES;
				CLANG_WARN_DIRECT_OBJC_ISA_USAGE = YES_ERROR;
				CLANG_WARN_DOCUMENTATION_COMMENTS = YES;
				CLANG_WARN_EMPTY_BODY = YES;
				CLANG_WARN_ENUM_CONVERSION = YES;
				CLANG_WARN_INFINITE_RECURSION = YES;
				CLANG_WARN_INT_CONVERSION = YES;
				CLANG_WARN_NON_LITERAL_NULL_CONVERSION = YES;
				CLANG_WARN_OBJC_IMPLICIT_RETAIN_SELF = YES;
				CLANG_WARN_OBJC_LITERAL_CONVERSION = YES;
				CLANG_WARN_OBJC_ROOT_CLASS = YES_ERROR;
				CLANG_WARN_RANGE_LOOP_ANALYSIS = YES;
				CLANG_WARN_STRICT_PROTOTYPES = YES;
				CLANG_WARN_SUSPICIOUS_MOVE = YES;
				CLANG_WARN_UNGUARDED_AVAILABILITY = YES_AGGRESSIVE;
				CLANG_WARN_UNREACHABLE_CODE = YES;
				CLANG_WARN__DUPLICATE_METHOD_MATCH = YES;
				CODE_SIGN_IDENTITY = "iPhone Developer";
				COPY_PHASE_STRIP = NO;
				DEBUG_INFORMATION_FORMAT = dwarf;
				ENABLE_STRICT_OBJC_MSGSEND = YES;
				ENABLE_TESTABILITY = YES;
				GCC_C_LANGUAGE_STANDARD = gnu11;
				GCC_DYNAMIC_NO_PIC = NO;
				GCC_NO_COMMON_BLOCKS = YES;
				GCC_OPTIMIZATION_LEVEL = 0;
				GCC_PREPROCESSOR_DEFINITIONS = (
					"DEBUG=1",
					"$(inherited)",
				);
				GCC_WARN_64_TO_32_BIT_CONVERSION = YES;
				GCC_WARN_ABOUT_RETURN_TYPE = YES_ERROR;
				GCC_WARN_UNDECLARED_SELECTOR = YES;
				GCC_WARN_UNINITIALIZED_AUTOS = YES_AGGRESSIVE;
				GCC_WARN_UNUSED_FUNCTION = YES;
				GCC_WARN_UNUSED_VARIABLE = YES;
				IPHONEOS_DEPLOYMENT_TARGET = 12.1;
				MTL_ENABLE_DEBUG_INFO = INCLUDE_SOURCE;
				MTL_FAST_MATH = YES;
				ONLY_ACTIVE_ARCH = YES;
				SDKROOT = iphoneos;
				SWIFT_ACTIVE_COMPILATION_CONDITIONS = DEBUG;
				SWIFT_OPTIMIZATION_LEVEL = "-Onone";
			};
			name = Debug;
		};
		8F0D9DA5220CC94E00ECE970 /* Release */ = {
			isa = XCBuildConfiguration;
			buildSettings = {
				ALWAYS_SEARCH_USER_PATHS = NO;
				CLANG_ANALYZER_NONNULL = YES;
				CLANG_ANALYZER_NUMBER_OBJECT_CONVERSION = YES_AGGRESSIVE;
				CLANG_CXX_LANGUAGE_STANDARD = "gnu++14";
				CLANG_CXX_LIBRARY = "libc++";
				CLANG_ENABLE_MODULES = YES;
				CLANG_ENABLE_OBJC_ARC = YES;
				CLANG_ENABLE_OBJC_WEAK = YES;
				CLANG_WARN_BLOCK_CAPTURE_AUTORELEASING = YES;
				CLANG_WARN_BOOL_CONVERSION = YES;
				CLANG_WARN_COMMA = YES;
				CLANG_WARN_CONSTANT_CONVERSION = YES;
				CLANG_WARN_DEPRECATED_OBJC_IMPLEMENTATIONS = YES;
				CLANG_WARN_DIRECT_OBJC_ISA_USAGE = YES_ERROR;
				CLANG_WARN_DOCUMENTATION_COMMENTS = YES;
				CLANG_WARN_EMPTY_BODY = YES;
				CLANG_WARN_ENUM_CONVERSION = YES;
				CLANG_WARN_INFINITE_RECURSION = YES;
				CLANG_WARN_INT_CONVERSION = YES;
				CLANG_WARN_NON_LITERAL_NULL_CONVERSION = YES;
				CLANG_WARN_OBJC_IMPLICIT_RETAIN_SELF = YES;
				CLANG_WARN_OBJC_LITERAL_CONVERSION = YES;
				CLANG_WARN_OBJC_ROOT_CLASS = YES_ERROR;
				CLANG_WARN_RANGE_LOOP_ANALYSIS = YES;
				CLANG_WARN_STRICT_PROTOTYPES = YES;
				CLANG_WARN_SUSPICIOUS_MOVE = YES;
				CLANG_WARN_UNGUARDED_AVAILABILITY = YES_AGGRESSIVE;
				CLANG_WARN_UNREACHABLE_CODE = YES;
				CLANG_WARN__DUPLICATE_METHOD_MATCH = YES;
				CODE_SIGN_IDENTITY = "iPhone Developer";
				COPY_PHASE_STRIP = NO;
				DEBUG_INFORMATION_FORMAT = "dwarf-with-dsym";
				ENABLE_NS_ASSERTIONS = NO;
				ENABLE_STRICT_OBJC_MSGSEND = YES;
				GCC_C_LANGUAGE_STANDARD = gnu11;
				GCC_NO_COMMON_BLOCKS = YES;
				GCC_WARN_64_TO_32_BIT_CONVERSION = YES;
				GCC_WARN_ABOUT_RETURN_TYPE = YES_ERROR;
				GCC_WARN_UNDECLARED_SELECTOR = YES;
				GCC_WARN_UNINITIALIZED_AUTOS = YES_AGGRESSIVE;
				GCC_WARN_UNUSED_FUNCTION = YES;
				GCC_WARN_UNUSED_VARIABLE = YES;
				IPHONEOS_DEPLOYMENT_TARGET = 12.1;
				MTL_ENABLE_DEBUG_INFO = NO;
				MTL_FAST_MATH = YES;
				SDKROOT = iphoneos;
				SWIFT_COMPILATION_MODE = wholemodule;
				SWIFT_OPTIMIZATION_LEVEL = "-O";
				VALIDATE_PRODUCT = YES;
			};
			name = Release;
		};
		8F0D9DA7220CC94E00ECE970 /* Debug */ = {
			isa = XCBuildConfiguration;
			buildSettings = {
				ASSETCATALOG_COMPILER_APPICON_NAME = AppIcon;
				CODE_SIGN_STYLE = Automatic;
				DEVELOPMENT_TEAM = DWF3AN75M6;
				INFOPLIST_FILE = ITunesMediaList/Info.plist;
				LD_RUNPATH_SEARCH_PATHS = (
					"$(inherited)",
					"@executable_path/Frameworks",
				);
				PRODUCT_BUNDLE_IDENTIFIER = com.kogo.ITunesMediaList;
				PRODUCT_NAME = "$(TARGET_NAME)";
				SWIFT_VERSION = 4.2;
				TARGETED_DEVICE_FAMILY = "1,2";
			};
			name = Debug;
		};
		8F0D9DA8220CC94E00ECE970 /* Release */ = {
			isa = XCBuildConfiguration;
			buildSettings = {
				ASSETCATALOG_COMPILER_APPICON_NAME = AppIcon;
				CODE_SIGN_STYLE = Automatic;
				DEVELOPMENT_TEAM = DWF3AN75M6;
				INFOPLIST_FILE = ITunesMediaList/Info.plist;
				LD_RUNPATH_SEARCH_PATHS = (
					"$(inherited)",
					"@executable_path/Frameworks",
				);
				PRODUCT_BUNDLE_IDENTIFIER = com.kogo.ITunesMediaList;
				PRODUCT_NAME = "$(TARGET_NAME)";
				SWIFT_VERSION = 4.2;
				TARGETED_DEVICE_FAMILY = "1,2";
			};
			name = Release;
		};
		8F0D9DAA220CC94E00ECE970 /* Debug */ = {
			isa = XCBuildConfiguration;
			buildSettings = {
				ALWAYS_EMBED_SWIFT_STANDARD_LIBRARIES = YES;
				BUNDLE_LOADER = "$(TEST_HOST)";
				CODE_SIGN_STYLE = Automatic;
				DEVELOPMENT_TEAM = DWF3AN75M6;
				INFOPLIST_FILE = ITunesMediaListTests/Info.plist;
				LD_RUNPATH_SEARCH_PATHS = (
					"$(inherited)",
					"@executable_path/Frameworks",
					"@loader_path/Frameworks",
				);
				PRODUCT_BUNDLE_IDENTIFIER = com.kogo.ITunesMediaListTests;
				PRODUCT_NAME = "$(TARGET_NAME)";
				SWIFT_VERSION = 4.2;
				TARGETED_DEVICE_FAMILY = "1,2";
				TEST_HOST = "$(BUILT_PRODUCTS_DIR)/ITunesMediaList.app/ITunesMediaList";
			};
			name = Debug;
		};
		8F0D9DAB220CC94E00ECE970 /* Release */ = {
			isa = XCBuildConfiguration;
			buildSettings = {
				ALWAYS_EMBED_SWIFT_STANDARD_LIBRARIES = YES;
				BUNDLE_LOADER = "$(TEST_HOST)";
				CODE_SIGN_STYLE = Automatic;
				DEVELOPMENT_TEAM = DWF3AN75M6;
				INFOPLIST_FILE = ITunesMediaListTests/Info.plist;
				LD_RUNPATH_SEARCH_PATHS = (
					"$(inherited)",
					"@executable_path/Frameworks",
					"@loader_path/Frameworks",
				);
				PRODUCT_BUNDLE_IDENTIFIER = com.kogo.ITunesMediaListTests;
				PRODUCT_NAME = "$(TARGET_NAME)";
				SWIFT_VERSION = 4.2;
				TARGETED_DEVICE_FAMILY = "1,2";
				TEST_HOST = "$(BUILT_PRODUCTS_DIR)/ITunesMediaList.app/ITunesMediaList";
			};
			name = Release;
		};
		8F0D9DAD220CC94E00ECE970 /* Debug */ = {
			isa = XCBuildConfiguration;
			buildSettings = {
				ALWAYS_EMBED_SWIFT_STANDARD_LIBRARIES = YES;
				CODE_SIGN_STYLE = Automatic;
				DEVELOPMENT_TEAM = DWF3AN75M6;
				INFOPLIST_FILE = ITunesMediaListUITests/Info.plist;
				LD_RUNPATH_SEARCH_PATHS = (
					"$(inherited)",
					"@executable_path/Frameworks",
					"@loader_path/Frameworks",
				);
				PRODUCT_BUNDLE_IDENTIFIER = com.kogo.ITunesMediaListUITests;
				PRODUCT_NAME = "$(TARGET_NAME)";
				SWIFT_VERSION = 4.2;
				TARGETED_DEVICE_FAMILY = "1,2";
				TEST_TARGET_NAME = ITunesMediaList;
			};
			name = Debug;
		};
		8F0D9DAE220CC94E00ECE970 /* Release */ = {
			isa = XCBuildConfiguration;
			buildSettings = {
				ALWAYS_EMBED_SWIFT_STANDARD_LIBRARIES = YES;
				CODE_SIGN_STYLE = Automatic;
				DEVELOPMENT_TEAM = DWF3AN75M6;
				INFOPLIST_FILE = ITunesMediaListUITests/Info.plist;
				LD_RUNPATH_SEARCH_PATHS = (
					"$(inherited)",
					"@executable_path/Frameworks",
					"@loader_path/Frameworks",
				);
				PRODUCT_BUNDLE_IDENTIFIER = com.kogo.ITunesMediaListUITests;
				PRODUCT_NAME = "$(TARGET_NAME)";
				SWIFT_VERSION = 4.2;
				TARGETED_DEVICE_FAMILY = "1,2";
				TEST_TARGET_NAME = ITunesMediaList;
			};
			name = Release;
		};
/* End XCBuildConfiguration section */

/* Begin XCConfigurationList section */
		8F0D9D79220CC94D00ECE970 /* Build configuration list for PBXProject "ITunesMediaList" */ = {
			isa = XCConfigurationList;
			buildConfigurations = (
				8F0D9DA4220CC94E00ECE970 /* Debug */,
				8F0D9DA5220CC94E00ECE970 /* Release */,
			);
			defaultConfigurationIsVisible = 0;
			defaultConfigurationName = Release;
		};
		8F0D9DA6220CC94E00ECE970 /* Build configuration list for PBXNativeTarget "ITunesMediaList" */ = {
			isa = XCConfigurationList;
			buildConfigurations = (
				8F0D9DA7220CC94E00ECE970 /* Debug */,
				8F0D9DA8220CC94E00ECE970 /* Release */,
			);
			defaultConfigurationIsVisible = 0;
			defaultConfigurationName = Release;
		};
		8F0D9DA9220CC94E00ECE970 /* Build configuration list for PBXNativeTarget "ITunesMediaListTests" */ = {
			isa = XCConfigurationList;
			buildConfigurations = (
				8F0D9DAA220CC94E00ECE970 /* Debug */,
				8F0D9DAB220CC94E00ECE970 /* Release */,
			);
			defaultConfigurationIsVisible = 0;
			defaultConfigurationName = Release;
		};
		8F0D9DAC220CC94E00ECE970 /* Build configuration list for PBXNativeTarget "ITunesMediaListUITests" */ = {
			isa = XCConfigurationList;
			buildConfigurations = (
				8F0D9DAD220CC94E00ECE970 /* Debug */,
				8F0D9DAE220CC94E00ECE970 /* Release */,
			);
			defaultConfigurationIsVisible = 0;
			defaultConfigurationName = Release;
		};
/* End XCConfigurationList section */
	};
	rootObject = 8F0D9D76220CC94D00ECE970 /* Project object */;
}
